
Microsoft Visual Studio Solution File, Format Version 12.00
# Visual Studio Version 16
VisualStudioVersion = 16.0.29209.62
MinimumVisualStudioVersion = 10.0.40219.1
Project("{8BC9CEB8-8B4A-11D0-8D11-00A0C91BC942}") = "CPS 271 Machine Problem 3", "CPS 271 Machine Problem 3\CPS 271 Machine Problem 3.vcxproj", "{8BD54338-1355-4F6E-B7C5-A01311C69779}"
EndProject
Global
	GlobalSection(SolutionConfigurationPlatforms) = preSolution
		Debug|x64 = Debug|x64
		Debug|x86 = Debug|x86
		Release|x64 = Release|x64
		Release|x86 = Release|x86
	EndGlobalSection
	GlobalSection(ProjectConfigurationPlatforms) = postSolution
		{8BD54338-1355-4F6E-B7C5-A01311C69779}.Debug|x64.ActiveCfg = Debug|x64
		{8BD54338-1355-4F6E-B7C5-A01311C69779}.Debug|x64.Build.0 = Debug|x64
		{8BD54338-1355-4F6E-B7C5-A01311C69779}.Debug|x86.ActiveCfg = Debug|Win32
		{8BD54338-1355-4F6E-B7C5-A01311C69779}.Debug|x86.Build.0 = Debug|Win32
		{8BD54338-1355-4F6E-B7C5-A01311C69779}.Release|x64.ActiveCfg = Release|x64
		{8BD54338-1355-4F6E-B7C5-A01311C69779}.Release|x64.Build.0 = Release|x64
		{8BD54338-1355-4F6E-B7C5-A01311C69779}.Release|x86.ActiveCfg = Release|Win32
		{8BD54338-1355-4F6E-B7C5-A01311C69779}.Release|x86.Build.0 = Release|Win32
	EndGlobalSection
	GlobalSection(SolutionProperties) = preSolution
		HideSolutionNode = FALSE
	EndGlobalSection
	GlobalSection(ExtensibilityGlobals) = postSolution
		SolutionGuid = {85032B41-38EE-42AA-BE2E-9E2C80F2C154}
	EndGlobalSection
EndGlobal
