
Microsoft Visual Studio Solution File, Format Version 12.00
# Visual Studio Version 16
VisualStudioVersion = 16.0.29209.62
MinimumVisualStudioVersion = 10.0.40219.1
Project("{8BC9CEB8-8B4A-11D0-8D11-00A0C91BC942}") = "Hangman CPP", "Hangman CPP\Hangman CPP.vcxproj", "{8047DFEC-2553-4939-B2D5-E5A2CF6AB177}"
EndProject
Global
	GlobalSection(SolutionConfigurationPlatforms) = preSolution
		Debug|x64 = Debug|x64
		Debug|x86 = Debug|x86
		Release|x64 = Release|x64
		Release|x86 = Release|x86
	EndGlobalSection
	GlobalSection(ProjectConfigurationPlatforms) = postSolution
		{8047DFEC-2553-4939-B2D5-E5A2CF6AB177}.Debug|x64.ActiveCfg = Debug|x64
		{8047DFEC-2553-4939-B2D5-E5A2CF6AB177}.Debug|x64.Build.0 = Debug|x64
		{8047DFEC-2553-4939-B2D5-E5A2CF6AB177}.Debug|x86.ActiveCfg = Debug|Win32
		{8047DFEC-2553-4939-B2D5-E5A2CF6AB177}.Debug|x86.Build.0 = Debug|Win32
		{8047DFEC-2553-4939-B2D5-E5A2CF6AB177}.Release|x64.ActiveCfg = Release|x64
		{8047DFEC-2553-4939-B2D5-E5A2CF6AB177}.Release|x64.Build.0 = Release|x64
		{8047DFEC-2553-4939-B2D5-E5A2CF6AB177}.Release|x86.ActiveCfg = Release|Win32
		{8047DFEC-2553-4939-B2D5-E5A2CF6AB177}.Release|x86.Build.0 = Release|Win32
	EndGlobalSection
	GlobalSection(SolutionProperties) = preSolution
		HideSolutionNode = FALSE
	EndGlobalSection
	GlobalSection(ExtensibilityGlobals) = postSolution
		SolutionGuid = {26B8FF5E-23C5-4C60-993B-0B9E15E0B633}
	EndGlobalSection
EndGlobal
